// !$*UTF8*$!
{
	archiveVersion = 1;
	classes = {
	};
	objectVersion = 52;
	objects = {

/* Begin PBXBuildFile section */
		156B8FCF26A107C100B67587 /* chippyApp.swift in Sources */ = {isa = PBXBuildFile; fileRef = 156B8FCE26A107C100B67587 /* chippyApp.swift */; };
		156B8FD126A107C100B67587 /* ContentView.swift in Sources */ = {isa = PBXBuildFile; fileRef = 156B8FD026A107C100B67587 /* ContentView.swift */; };
		156B8FD326A107C400B67587 /* Assets.xcassets in Resources */ = {isa = PBXBuildFile; fileRef = 156B8FD226A107C400B67587 /* Assets.xcassets */; };
		156B8FD626A107C400B67587 /* Preview Assets.xcassets in Resources */ = {isa = PBXBuildFile; fileRef = 156B8FD526A107C400B67587 /* Preview Assets.xcassets */; };
		1573F9BB2735CF6500813A20 /* Chip8 in Frameworks */ = {isa = PBXBuildFile; productRef = 1573F9BA2735CF6500813A20 /* Chip8 */; };
/* End PBXBuildFile section */

/* Begin PBXFileReference section */
		156B8FCB26A107C100B67587 /* chippy.app */ = {isa = PBXFileReference; explicitFileType = wrapper.application; includeInIndex = 0; path = chippy.app; sourceTree = BUILT_PRODUCTS_DIR; };
		156B8FCE26A107C100B67587 /* chippyApp.swift */ = {isa = PBXFileReference; lastKnownFileType = sourcecode.swift; path = chippyApp.swift; sourceTree = "<group>"; };
		156B8FD026A107C100B67587 /* ContentView.swift */ = {isa = PBXFileReference; lastKnownFileType = sourcecode.swift; path = ContentView.swift; sourceTree = "<group>"; };
		156B8FD226A107C400B67587 /* Assets.xcassets */ = {isa = PBXFileReference; lastKnownFileType = folder.assetcatalog; path = Assets.xcassets; sourceTree = "<group>"; };
		156B8FD526A107C400B67587 /* Preview Assets.xcassets */ = {isa = PBXFileReference; lastKnownFileType = folder.assetcatalog; path = "Preview Assets.xcassets"; sourceTree = "<group>"; };
		156B8FD726A107C400B67587 /* Info.plist */ = {isa = PBXFileReference; lastKnownFileType = text.plist.xml; path = Info.plist; sourceTree = "<group>"; };
		156B8FD826A107C400B67587 /* chippy.entitlements */ = {isa = PBXFileReference; lastKnownFileType = text.plist.entitlements; path = chippy.entitlements; sourceTree = "<group>"; };
		1573F9B42735CB4200813A20 /* Chip8 */ = {isa = PBXFileReference; lastKnownFileType = folder; path = Chip8; sourceTree = "<group>"; };
/* End PBXFileReference section */

/* Begin PBXFrameworksBuildPhase section */
		156B8FC826A107C100B67587 /* Frameworks */ = {
			isa = PBXFrameworksBuildPhase;
			buildActionMask = 2147483647;
			files = (
				1573F9BB2735CF6500813A20 /* Chip8 in Frameworks */,
			);
			runOnlyForDeploymentPostprocessing = 0;
		};
/* End PBXFrameworksBuildPhase section */

/* Begin PBXGroup section */
		156B8FC226A107C100B67587 = {
			isa = PBXGroup;
			children = (
				1573F9B42735CB4200813A20 /* Chip8 */,
				156B8FCD26A107C100B67587 /* chippy */,
				156B8FCC26A107C100B67587 /* Products */,
				1573F9B52735CE2800813A20 /* Frameworks */,
			);
			sourceTree = "<group>";
		};
		156B8FCC26A107C100B67587 /* Products */ = {
			isa = PBXGroup;
			children = (
				156B8FCB26A107C100B67587 /* chippy.app */,
			);
			name = Products;
			sourceTree = "<group>";
		};
		156B8FCD26A107C100B67587 /* chippy */ = {
			isa = PBXGroup;
			children = (
				156B8FCE26A107C100B67587 /* chippyApp.swift */,
				156B8FD026A107C100B67587 /* ContentView.swift */,
				156B8FD226A107C400B67587 /* Assets.xcassets */,
				156B8FD726A107C400B67587 /* Info.plist */,
				156B8FD826A107C400B67587 /* chippy.entitlements */,
				156B8FD426A107C400B67587 /* Preview Content */,
			);
			path = chippy;
			sourceTree = "<group>";
		};
		156B8FD426A107C400B67587 /* Preview Content */ = {
			isa = PBXGroup;
			children = (
				156B8FD526A107C400B67587 /* Preview Assets.xcassets */,
			);
			path = "Preview Content";
			sourceTree = "<group>";
		};
		1573F9B52735CE2800813A20 /* Frameworks */ = {
			isa = PBXGroup;
			children = (
			);
			name = Frameworks;
			sourceTree = "<group>";
		};
/* End PBXGroup section */

/* Begin PBXNativeTarget section */
		156B8FCA26A107C100B67587 /* chippy */ = {
			isa = PBXNativeTarget;
			buildConfigurationList = 156B8FDB26A107C400B67587 /* Build configuration list for PBXNativeTarget "chippy" */;
			buildPhases = (
				156B8FC726A107C100B67587 /* Sources */,
				156B8FC826A107C100B67587 /* Frameworks */,
				156B8FC926A107C100B67587 /* Resources */,
			);
			buildRules = (
			);
			dependencies = (
				1573F9BD2735CF9200813A20 /* PBXTargetDependency */,
			);
			name = chippy;
			packageProductDependencies = (
				1573F9BA2735CF6500813A20 /* Chip8 */,
			);
			productName = chippy;
			productReference = 156B8FCB26A107C100B67587 /* chippy.app */;
			productType = "com.apple.product-type.application";
		};
/* End PBXNativeTarget section */

/* Begin PBXProject section */
		156B8FC326A107C100B67587 /* Project object */ = {
			isa = PBXProject;
			attributes = {
				LastSwiftUpdateCheck = 1250;
				LastUpgradeCheck = 1310;
				TargetAttributes = {
					156B8FCA26A107C100B67587 = {
						CreatedOnToolsVersion = 12.5.1;
					};
				};
			};
			buildConfigurationList = 156B8FC626A107C100B67587 /* Build configuration list for PBXProject "chippy" */;
			compatibilityVersion = "Xcode 9.3";
			developmentRegion = en;
			hasScannedForEncodings = 0;
			knownRegions = (
				en,
				Base,
			);
			mainGroup = 156B8FC226A107C100B67587;
			productRefGroup = 156B8FCC26A107C100B67587 /* Products */;
			projectDirPath = "";
			projectRoot = "";
			targets = (
				156B8FCA26A107C100B67587 /* chippy */,
			);
		};
/* End PBXProject section */

/* Begin PBXResourcesBuildPhase section */
		156B8FC926A107C100B67587 /* Resources */ = {
			isa = PBXResourcesBuildPhase;
			buildActionMask = 2147483647;
			files = (
				156B8FD626A107C400B67587 /* Preview Assets.xcassets in Resources */,
				156B8FD326A107C400B67587 /* Assets.xcassets in Resources */,
			);
			runOnlyForDeploymentPostprocessing = 0;
		};
/* End PBXResourcesBuildPhase section */

/* Begin PBXSourcesBuildPhase section */
		156B8FC726A107C100B67587 /* Sources */ = {
			isa = PBXSourcesBuildPhase;
			buildActionMask = 2147483647;
			files = (
				156B8FD126A107C100B67587 /* ContentView.swift in Sources */,
				156B8FCF26A107C100B67587 /* chippyApp.swift in Sources */,
			);
			runOnlyForDeploymentPostprocessing = 0;
		};
/* End PBXSourcesBuildPhase section */

/* Begin PBXTargetDependency section */
		1573F9BD2735CF9200813A20 /* PBXTargetDependency */ = {
			isa = PBXTargetDependency;
			productRef = 1573F9BC2735CF9200813A20 /* Chip8 */;
		};
/* End PBXTargetDependency section */

/* Begin XCBuildConfiguration section */
		156B8FD926A107C400B67587 /* Debug */ = {
			isa = XCBuildConfiguration;
			buildSettings = {
				ALWAYS_SEARCH_USER_PATHS = NO;
				CLANG_ANALYZER_NONNULL = YES;
				CLANG_ANALYZER_NUMBER_OBJECT_CONVERSION = YES_AGGRESSIVE;
				CLANG_CXX_LANGUAGE_STANDARD = "gnu++14";
				CLANG_CXX_LIBRARY = "libc++";
				CLANG_ENABLE_MODULES = YES;
				CLANG_ENABLE_OBJC_ARC = YES;
				CLANG_ENABLE_OBJC_WEAK = YES;
				CLANG_WARN_BLOCK_CAPTURE_AUTORELEASING = YES;
				CLANG_WARN_BOOL_CONVERSION = YES;
				CLANG_WARN_COMMA = YES;
				CLANG_WARN_CONSTANT_CONVERSION = YES;
				CLANG_WARN_DEPRECATED_OBJC_IMPLEMENTATIONS = YES;
				CLANG_WARN_DIRECT_OBJC_ISA_USAGE = YES_ERROR;
				CLANG_WARN_DOCUMENTATION_COMMENTS = YES;
				CLANG_WARN_EMPTY_BODY = YES;
				CLANG_WARN_ENUM_CONVERSION = YES;
				CLANG_WARN_INFINITE_RECURSION = YES;
				CLANG_WARN_INT_CONVERSION = YES;
				CLANG_WARN_NON_LITERAL_NULL_CONVERSION = YES;
				CLANG_WARN_OBJC_IMPLICIT_RETAIN_SELF = YES;
				CLANG_WARN_OBJC_LITERAL_CONVERSION = YES;
				CLANG_WARN_OBJC_ROOT_CLASS = YES_ERROR;
				CLANG_WARN_QUOTED_INCLUDE_IN_FRAMEWORK_HEADER = YES;
				CLANG_WARN_RANGE_LOOP_ANALYSIS = YES;
				CLANG_WARN_STRICT_PROTOTYPES = YES;
				CLANG_WARN_SUSPICIOUS_MOVE = YES;
				CLANG_WARN_UNGUARDED_AVAILABILITY = YES_AGGRESSIVE;
				CLANG_WARN_UNREACHABLE_CODE = YES;
				CLANG_WARN__DUPLICATE_METHOD_MATCH = YES;
				COPY_PHASE_STRIP = NO;
				DEBUG_INFORMATION_FORMAT = dwarf;
				ENABLE_STRICT_OBJC_MSGSEND = YES;
				ENABLE_TESTABILITY = YES;
				GCC_C_LANGUAGE_STANDARD = gnu11;
				GCC_DYNAMIC_NO_PIC = NO;
				GCC_NO_COMMON_BLOCKS = YES;
				GCC_OPTIMIZATION_LEVEL = 0;
				GCC_PREPROCESSOR_DEFINITIONS = (
					"DEBUG=1",
					"$(inherited)",
				);
				GCC_WARN_64_TO_32_BIT_CONVERSION = YES;
				GCC_WARN_ABOUT_RETURN_TYPE = YES_ERROR;
				GCC_WARN_UNDECLARED_SELECTOR = YES;
				GCC_WARN_UNINITIALIZED_AUTOS = YES_AGGRESSIVE;
				GCC_WARN_UNUSED_FUNCTION = YES;
				GCC_WARN_UNUSED_VARIABLE = YES;
				MACOSX_DEPLOYMENT_TARGET = 11.3;
				MTL_ENABLE_DEBUG_INFO = INCLUDE_SOURCE;
				MTL_FAST_MATH = YES;
				ONLY_ACTIVE_ARCH = YES;
				SDKROOT = macosx;
				SWIFT_ACTIVE_COMPILATION_CONDITIONS = DEBUG;
				SWIFT_OPTIMIZATION_LEVEL = "-Onone";
			};
			name = Debug;
		};
		156B8FDA26A107C400B67587 /* Release */ = {
			isa = XCBuildConfiguration;
			buildSettings = {
				ALWAYS_SEARCH_USER_PATHS = NO;
				CLANG_ANALYZER_NONNULL = YES;
				CLANG_ANALYZER_NUMBER_OBJECT_CONVERSION = YES_AGGRESSIVE;
				CLANG_CXX_LANGUAGE_STANDARD = "gnu++14";
				CLANG_CXX_LIBRARY = "libc++";
				CLANG_ENABLE_MODULES = YES;
				CLANG_ENABLE_OBJC_ARC = YES;
				CLANG_ENABLE_OBJC_WEAK = YES;
				CLANG_WARN_BLOCK_CAPTURE_AUTORELEASING = YES;
				CLANG_WARN_BOOL_CONVERSION = YES;
				CLANG_WARN_COMMA = YES;
				CLANG_WARN_CONSTANT_CONVERSION = YES;
				CLANG_WARN_DEPRECATED_OBJC_IMPLEMENTATIONS = YES;
				CLANG_WARN_DIRECT_OBJC_ISA_USAGE = YES_ERROR;
				CLANG_WARN_DOCUMENTATION_COMMENTS = YES;
				CLANG_WARN_EMPTY_BODY = YES;
				CLANG_WARN_ENUM_CONVERSION = YES;
				CLANG_WARN_INFINITE_RECURSION = YES;
				CLANG_WARN_INT_CONVERSION = YES;
				CLANG_WARN_NON_LITERAL_NULL_CONVERSION = YES;
				CLANG_WARN_OBJC_IMPLICIT_RETAIN_SELF = YES;
				CLANG_WARN_OBJC_LITERAL_CONVERSION = YES;
				CLANG_WARN_OBJC_ROOT_CLASS = YES_ERROR;
				CLANG_WARN_QUOTED_INCLUDE_IN_FRAMEWORK_HEADER = YES;
				CLANG_WARN_RANGE_LOOP_ANALYSIS = YES;
				CLANG_WARN_STRICT_PROTOTYPES = YES;
				CLANG_WARN_SUSPICIOUS_MOVE = YES;
				CLANG_WARN_UNGUARDED_AVAILABILITY = YES_AGGRESSIVE;
				CLANG_WARN_UNREACHABLE_CODE = YES;
				CLANG_WARN__DUPLICATE_METHOD_MATCH = YES;
				COPY_PHASE_STRIP = NO;
				DEBUG_INFORMATION_FORMAT = "dwarf-with-dsym";
				ENABLE_NS_ASSERTIONS = NO;
				ENABLE_STRICT_OBJC_MSGSEND = YES;
				GCC_C_LANGUAGE_STANDARD = gnu11;
				GCC_NO_COMMON_BLOCKS = YES;
				GCC_WARN_64_TO_32_BIT_CONVERSION = YES;
				GCC_WARN_ABOUT_RETURN_TYPE = YES_ERROR;
				GCC_WARN_UNDECLARED_SELECTOR = YES;
				GCC_WARN_UNINITIALIZED_AUTOS = YES_AGGRESSIVE;
				GCC_WARN_UNUSED_FUNCTION = YES;
				GCC_WARN_UNUSED_VARIABLE = YES;
				MACOSX_DEPLOYMENT_TARGET = 11.3;
				MTL_ENABLE_DEBUG_INFO = NO;
				MTL_FAST_MATH = YES;
				SDKROOT = macosx;
				SWIFT_COMPILATION_MODE = wholemodule;
				SWIFT_OPTIMIZATION_LEVEL = "-O";
			};
			name = Release;
		};
		156B8FDC26A107C400B67587 /* Debug */ = {
			isa = XCBuildConfiguration;
			buildSettings = {
				ASSETCATALOG_COMPILER_APPICON_NAME = AppIcon;
				ASSETCATALOG_COMPILER_GLOBAL_ACCENT_COLOR_NAME = AccentColor;
				CODE_SIGN_ENTITLEMENTS = chippy/chippy.entitlements;
				CODE_SIGN_IDENTITY = "-";
				CODE_SIGN_STYLE = Automatic;
				COMBINE_HIDPI_IMAGES = YES;
				DEVELOPMENT_ASSET_PATHS = "\"chippy/Preview Content\"";
				DEVELOPMENT_TEAM = 2EP8JFX8SL;
				ENABLE_HARDENED_RUNTIME = YES;
				ENABLE_PREVIEWS = YES;
				INFOPLIST_FILE = chippy/Info.plist;
				LD_RUNPATH_SEARCH_PATHS = (
					"$(inherited)",
					"@executable_path/../Frameworks",
				);
				MACOSX_DEPLOYMENT_TARGET = 11.0;
				PRODUCT_BUNDLE_IDENTIFIER = com.acampb311.chippy.chippy;
				PRODUCT_NAME = "$(TARGET_NAME)";
				SWIFT_VERSION = 5.0;
			};
			name = Debug;
		};
		156B8FDD26A107C400B67587 /* Release */ = {
			isa = XCBuildConfiguration;
			buildSettings = {
				ASSETCATALOG_COMPILER_APPICON_NAME = AppIcon;
				ASSETCATALOG_COMPILER_GLOBAL_ACCENT_COLOR_NAME = AccentColor;
				CODE_SIGN_ENTITLEMENTS = chippy/chippy.entitlements;
				CODE_SIGN_IDENTITY = "-";
				CODE_SIGN_STYLE = Automatic;
				COMBINE_HIDPI_IMAGES = YES;
				DEVELOPMENT_ASSET_PATHS = "\"chippy/Preview Content\"";
				DEVELOPMENT_TEAM = 2EP8JFX8SL;
				ENABLE_HARDENED_RUNTIME = YES;
				ENABLE_PREVIEWS = YES;
				INFOPLIST_FILE = chippy/Info.plist;
				LD_RUNPATH_SEARCH_PATHS = (
					"$(inherited)",
					"@executable_path/../Frameworks",
				);
				MACOSX_DEPLOYMENT_TARGET = 11.0;
				PRODUCT_BUNDLE_IDENTIFIER = com.acampb311.chippy.chippy;
				PRODUCT_NAME = "$(TARGET_NAME)";
				SWIFT_VERSION = 5.0;
			};
			name = Release;
		};
/* End XCBuildConfiguration section */

/* Begin XCConfigurationList section */
		156B8FC626A107C100B67587 /* Build configuration list for PBXProject "chippy" */ = {
			isa = XCConfigurationList;
			buildConfigurations = (
				156B8FD926A107C400B67587 /* Debug */,
				156B8FDA26A107C400B67587 /* Release */,
			);
			defaultConfigurationIsVisible = 0;
			defaultConfigurationName = Release;
		};
		156B8FDB26A107C400B67587 /* Build configuration list for PBXNativeTarget "chippy" */ = {
			isa = XCConfigurationList;
			buildConfigurations = (
				156B8FDC26A107C400B67587 /* Debug */,
				156B8FDD26A107C400B67587 /* Release */,
			);
			defaultConfigurationIsVisible = 0;
			defaultConfigurationName = Release;
		};
/* End XCConfigurationList section */

/* Begin XCSwiftPackageProductDependency section */
		1573F9BA2735CF6500813A20 /* Chip8 */ = {
			isa = XCSwiftPackageProductDependency;
			productName = Chip8;
		};
		1573F9BC2735CF9200813A20 /* Chip8 */ = {
			isa = XCSwiftPackageProductDependency;
			productName = Chip8;
		};
/* End XCSwiftPackageProductDependency section */
	};
	rootObject = 156B8FC326A107C100B67587 /* Project object */;
}
